// !$*UTF8*$!
{
	archiveVersion = 1;
	classes = {
	};
	objectVersion = 56;
	objects = {

/* Begin PBXBuildFile section */
		07E1DE292E5730B500248A2C /* Extension+Date.swift in Sources */ = {isa = PBXBuildFile; fileRef = 07E1DDEA2E5730B500248A2C /* Extension+Date.swift */; };
		07E1DE2A2E5730B500248A2C /* Extension+Double.swift in Sources */ = {isa = PBXBuildFile; fileRef = 07E1DDEB2E5730B500248A2C /* Extension+Double.swift */; };
		07E1DE2B2E5730B500248A2C /* Extension+Int.swift in Sources */ = {isa = PBXBuildFile; fileRef = 07E1DDEC2E5730B500248A2C /* Extension+Int.swift */; };
		07E1DE2C2E5730B500248A2C /* Extension+Session.swift in Sources */ = {isa = PBXBuildFile; fileRef = 07E1DDED2E5730B500248A2C /* Extension+Session.swift */; };
		07E1DE2D2E5730B500248A2C /* Extension+String.swift in Sources */ = {isa = PBXBuildFile; fileRef = 07E1DDEE2E5730B500248A2C /* Extension+String.swift */; };
		07E1DE2E2E5730B500248A2C /* Extension+UICollectionView.swift in Sources */ = {isa = PBXBuildFile; fileRef = 07E1DDEF2E5730B500248A2C /* Extension+UICollectionView.swift */; };
		07E1DE2F2E5730B500248A2C /* Extension+UIView.swift in Sources */ = {isa = PBXBuildFile; fileRef = 07E1DDF02E5730B500248A2C /* Extension+UIView.swift */; };
		07E1DE302E5730B500248A2C /* Extension+UIViewController.swift in Sources */ = {isa = PBXBuildFile; fileRef = 07E1DDF12E5730B500248A2C /* Extension+UIViewController.swift */; };
		07E1DE312E5730B500248A2C /* Movie.swift in Sources */ = {isa = PBXBuildFile; fileRef = 07E1DDF32E5730B500248A2C /* Movie.swift */; };
		07E1DE322E5730B500248A2C /* OnboardingSlide.swift in Sources */ = {isa = PBXBuildFile; fileRef = 07E1DDF42E5730B500248A2C /* OnboardingSlide.swift */; };
		07E1DE332E5730B500248A2C /* Seat.swift in Sources */ = {isa = PBXBuildFile; fileRef = 07E1DDF52E5730B500248A2C /* Seat.swift */; };
		07E1DE342E5730B500248A2C /* Session.swift in Sources */ = {isa = PBXBuildFile; fileRef = 07E1DDF62E5730B500248A2C /* Session.swift */; };
		07E1DE352E5730B500248A2C /* Ticket.swift in Sources */ = {isa = PBXBuildFile; fileRef = 07E1DDF72E5730B500248A2C /* Ticket.swift */; };
		07E1DE362E5730B500248A2C /* MovieCVC.swift in Sources */ = {isa = PBXBuildFile; fileRef = 07E1DDF92E5730B500248A2C /* MovieCVC.swift */; };
		07E1DE372E5730B500248A2C /* MoviesFlowLayout.swift in Sources */ = {isa = PBXBuildFile; fileRef = 07E1DDFB2E5730B500248A2C /* MoviesFlowLayout.swift */; };
		07E1DE382E5730B500248A2C /* MoviePosterCVC.swift in Sources */ = {isa = PBXBuildFile; fileRef = 07E1DDFD2E5730B500248A2C /* MoviePosterCVC.swift */; };
		07E1DE392E5730B500248A2C /* MoviePostersLayout.swift in Sources */ = {isa = PBXBuildFile; fileRef = 07E1DDFF2E5730B500248A2C /* MoviePostersLayout.swift */; };
		07E1DE3A2E5730B500248A2C /* OnboardingCVC.swift in Sources */ = {isa = PBXBuildFile; fileRef = 07E1DE012E5730B500248A2C /* OnboardingCVC.swift */; };
		07E1DE3B2E5730B500248A2C /* OnboardingFlowLayout.swift in Sources */ = {isa = PBXBuildFile; fileRef = 07E1DE032E5730B500248A2C /* OnboardingFlowLayout.swift */; };
		07E1DE3C2E5730B500248A2C /* SeatCVC.swift in Sources */ = {isa = PBXBuildFile; fileRef = 07E1DE052E5730B500248A2C /* SeatCVC.swift */; };
		07E1DE3D2E5730B500248A2C /* SeatsFlowLayout.swift in Sources */ = {isa = PBXBuildFile; fileRef = 07E1DE072E5730B500248A2C /* SeatsFlowLayout.swift */; };
		07E1DE3E2E5730B500248A2C /* SessionDayCVC.swift in Sources */ = {isa = PBXBuildFile; fileRef = 07E1DE092E5730B500248A2C /* SessionDayCVC.swift */; };
		07E1DE3F2E5730B500248A2C /* SessionDaysFlowLayout.swift in Sources */ = {isa = PBXBuildFile; fileRef = 07E1DE0B2E5730B500248A2C /* SessionDaysFlowLayout.swift */; };
		07E1DE402E5730B500248A2C /* UpcomingMoviePosterCVC.swift in Sources */ = {isa = PBXBuildFile; fileRef = 07E1DE0D2E5730B500248A2C /* UpcomingMoviePosterCVC.swift */; };
		07E1DE412E5730B500248A2C /* MovieSlideHeader.swift in Sources */ = {isa = PBXBuildFile; fileRef = 07E1DE112E5730B500248A2C /* MovieSlideHeader.swift */; };
		07E1DE422E5730B500248A2C /* SessionTimeTVC.swift in Sources */ = {isa = PBXBuildFile; fileRef = 07E1DE142E5730B500248A2C /* SessionTimeTVC.swift */; };
		07E1DE432E5730B500248A2C /* HomeVC.swift in Sources */ = {isa = PBXBuildFile; fileRef = 07E1DE182E5730B500248A2C /* HomeVC.swift */; };
		07E1DE442E5730B500248A2C /* MovieDetailVC.swift in Sources */ = {isa = PBXBuildFile; fileRef = 07E1DE192E5730B500248A2C /* MovieDetailVC.swift */; };
		07E1DE452E5730B500248A2C /* MoviesVC.swift in Sources */ = {isa = PBXBuildFile; fileRef = 07E1DE1A2E5730B500248A2C /* MoviesVC.swift */; };
		07E1DE462E5730B500248A2C /* OnboardingVC.swift in Sources */ = {isa = PBXBuildFile; fileRef = 07E1DE1B2E5730B500248A2C /* OnboardingVC.swift */; };
		07E1DE472E5730B500248A2C /* ReservationVC.swift in Sources */ = {isa = PBXBuildFile; fileRef = 07E1DE1C2E5730B500248A2C /* ReservationVC.swift */; };
		07E1DE482E5730B500248A2C /* SeatsVC.swift in Sources */ = {isa = PBXBuildFile; fileRef = 07E1DE1D2E5730B500248A2C /* SeatsVC.swift */; };
		07E1DE492E5730B500248A2C /* TicketVC.swift in Sources */ = {isa = PBXBuildFile; fileRef = 07E1DE1E2E5730B500248A2C /* TicketVC.swift */; };
		07E1DE4A2E5730B500248A2C /* AppDelegate.swift in Sources */ = {isa = PBXBuildFile; fileRef = 07E1DE202E5730B500248A2C /* AppDelegate.swift */; };
		07E1DE4B2E5730B500248A2C /* SceneDelegate.swift in Sources */ = {isa = PBXBuildFile; fileRef = 07E1DE272E5730B500248A2C /* SceneDelegate.swift */; };
		07E1DE4C2E5730B500248A2C /* MovieCVC.xib in Resources */ = {isa = PBXBuildFile; fileRef = 07E1DDFA2E5730B500248A2C /* MovieCVC.xib */; };
		07E1DE4D2E5730B500248A2C /* MoviePosterCVC.xib in Resources */ = {isa = PBXBuildFile; fileRef = 07E1DDFE2E5730B500248A2C /* MoviePosterCVC.xib */; };
		07E1DE4E2E5730B500248A2C /* OnboardingCVC.xib in Resources */ = {isa = PBXBuildFile; fileRef = 07E1DE022E5730B500248A2C /* OnboardingCVC.xib */; };
		07E1DE4F2E5730B500248A2C /* SeatCVC.xib in Resources */ = {isa = PBXBuildFile; fileRef = 07E1DE062E5730B500248A2C /* SeatCVC.xib */; };
		07E1DE502E5730B500248A2C /* SessionDayCVC.xib in Resources */ = {isa = PBXBuildFile; fileRef = 07E1DE0A2E5730B500248A2C /* SessionDayCVC.xib */; };
		07E1DE512E5730B500248A2C /* UpcomingMoviePosterCVC.xib in Resources */ = {isa = PBXBuildFile; fileRef = 07E1DE0E2E5730B500248A2C /* UpcomingMoviePosterCVC.xib */; };
		07E1DE522E5730B500248A2C /* MovieSlideHeader.xib in Resources */ = {isa = PBXBuildFile; fileRef = 07E1DE122E5730B500248A2C /* MovieSlideHeader.xib */; };
		07E1DE532E5730B500248A2C /* SessionTimeTVC.xib in Resources */ = {isa = PBXBuildFile; fileRef = 07E1DE152E5730B500248A2C /* SessionTimeTVC.xib */; };
		07E1DE542E5730B500248A2C /* Assets.xcassets in Resources */ = {isa = PBXBuildFile; fileRef = 07E1DE212E5730B500248A2C /* Assets.xcassets */; };
		07E1DE562E5730B500248A2C /* LaunchScreen.storyboard in Resources */ = {isa = PBXBuildFile; fileRef = 07E1DE242E5730B500248A2C /* LaunchScreen.storyboard */; };
		07E1DE572E5730B500248A2C /* Main.storyboard in Resources */ = {isa = PBXBuildFile; fileRef = 07E1DE262E5730B500248A2C /* Main.storyboard */; };
/* End PBXBuildFile section */

/* Begin PBXFileReference section */
		07E1DDEA2E5730B500248A2C /* Extension+Date.swift */ = {isa = PBXFileReference; lastKnownFileType = sourcecode.swift; path = "Extension+Date.swift"; sourceTree = "<group>"; };
		07E1DDEB2E5730B500248A2C /* Extension+Double.swift */ = {isa = PBXFileReference; lastKnownFileType = sourcecode.swift; path = "Extension+Double.swift"; sourceTree = "<group>"; };
		07E1DDEC2E5730B500248A2C /* Extension+Int.swift */ = {isa = PBXFileReference; lastKnownFileType = sourcecode.swift; path = "Extension+Int.swift"; sourceTree = "<group>"; };
		07E1DDED2E5730B500248A2C /* Extension+Session.swift */ = {isa = PBXFileReference; lastKnownFileType = sourcecode.swift; path = "Extension+Session.swift"; sourceTree = "<group>"; };
		07E1DDEE2E5730B500248A2C /* Extension+String.swift */ = {isa = PBXFileReference; lastKnownFileType = sourcecode.swift; path = "Extension+String.swift"; sourceTree = "<group>"; };
		07E1DDEF2E5730B500248A2C /* Extension+UICollectionView.swift */ = {isa = PBXFileReference; lastKnownFileType = sourcecode.swift; path = "Extension+UICollectionView.swift"; sourceTree = "<group>"; };
		07E1DDF02E5730B500248A2C /* Extension+UIView.swift */ = {isa = PBXFileReference; lastKnownFileType = sourcecode.swift; path = "Extension+UIView.swift"; sourceTree = "<group>"; };
		07E1DDF12E5730B500248A2C /* Extension+UIViewController.swift */ = {isa = PBXFileReference; lastKnownFileType = sourcecode.swift; path = "Extension+UIViewController.swift"; sourceTree = "<group>"; };
		07E1DDF32E5730B500248A2C /* Movie.swift */ = {isa = PBXFileReference; lastKnownFileType = sourcecode.swift; path = Movie.swift; sourceTree = "<group>"; };
		07E1DDF42E5730B500248A2C /* OnboardingSlide.swift */ = {isa = PBXFileReference; lastKnownFileType = sourcecode.swift; path = OnboardingSlide.swift; sourceTree = "<group>"; };
		07E1DDF52E5730B500248A2C /* Seat.swift */ = {isa = PBXFileReference; lastKnownFileType = sourcecode.swift; path = Seat.swift; sourceTree = "<group>"; };
		07E1DDF62E5730B500248A2C /* Session.swift */ = {isa = PBXFileReference; lastKnownFileType = sourcecode.swift; path = Session.swift; sourceTree = "<group>"; };
		07E1DDF72E5730B500248A2C /* Ticket.swift */ = {isa = PBXFileReference; lastKnownFileType = sourcecode.swift; path = Ticket.swift; sourceTree = "<group>"; };
		07E1DDF92E5730B500248A2C /* MovieCVC.swift */ = {isa = PBXFileReference; lastKnownFileType = sourcecode.swift; path = MovieCVC.swift; sourceTree = "<group>"; };
		07E1DDFA2E5730B500248A2C /* MovieCVC.xib */ = {isa = PBXFileReference; lastKnownFileType = file.xib; path = MovieCVC.xib; sourceTree = "<group>"; };
		07E1DDFB2E5730B500248A2C /* MoviesFlowLayout.swift */ = {isa = PBXFileReference; lastKnownFileType = sourcecode.swift; path = MoviesFlowLayout.swift; sourceTree = "<group>"; };
		07E1DDFD2E5730B500248A2C /* MoviePosterCVC.swift */ = {isa = PBXFileReference; lastKnownFileType = sourcecode.swift; path = MoviePosterCVC.swift; sourceTree = "<group>"; };
		07E1DDFE2E5730B500248A2C /* MoviePosterCVC.xib */ = {isa = PBXFileReference; lastKnownFileType = file.xib; path = MoviePosterCVC.xib; sourceTree = "<group>"; };
		07E1DDFF2E5730B500248A2C /* MoviePostersLayout.swift */ = {isa = PBXFileReference; lastKnownFileType = sourcecode.swift; path = MoviePostersLayout.swift; sourceTree = "<group>"; };
		07E1DE012E5730B500248A2C /* OnboardingCVC.swift */ = {isa = PBXFileReference; lastKnownFileType = sourcecode.swift; path = OnboardingCVC.swift; sourceTree = "<group>"; };
		07E1DE022E5730B500248A2C /* OnboardingCVC.xib */ = {isa = PBXFileReference; lastKnownFileType = file.xib; path = OnboardingCVC.xib; sourceTree = "<group>"; };
		07E1DE032E5730B500248A2C /* OnboardingFlowLayout.swift */ = {isa = PBXFileReference; lastKnownFileType = sourcecode.swift; path = OnboardingFlowLayout.swift; sourceTree = "<group>"; };
		07E1DE052E5730B500248A2C /* SeatCVC.swift */ = {isa = PBXFileReference; lastKnownFileType = sourcecode.swift; path = SeatCVC.swift; sourceTree = "<group>"; };
		07E1DE062E5730B500248A2C /* SeatCVC.xib */ = {isa = PBXFileReference; lastKnownFileType = file.xib; path = SeatCVC.xib; sourceTree = "<group>"; };
		07E1DE072E5730B500248A2C /* SeatsFlowLayout.swift */ = {isa = PBXFileReference; lastKnownFileType = sourcecode.swift; path = SeatsFlowLayout.swift; sourceTree = "<group>"; };
		07E1DE092E5730B500248A2C /* SessionDayCVC.swift */ = {isa = PBXFileReference; lastKnownFileType = sourcecode.swift; path = SessionDayCVC.swift; sourceTree = "<group>"; };
		07E1DE0A2E5730B500248A2C /* SessionDayCVC.xib */ = {isa = PBXFileReference; lastKnownFileType = file.xib; path = SessionDayCVC.xib; sourceTree = "<group>"; };
		07E1DE0B2E5730B500248A2C /* SessionDaysFlowLayout.swift */ = {isa = PBXFileReference; lastKnownFileType = sourcecode.swift; path = SessionDaysFlowLayout.swift; sourceTree = "<group>"; };
		07E1DE0D2E5730B500248A2C /* UpcomingMoviePosterCVC.swift */ = {isa = PBXFileReference; lastKnownFileType = sourcecode.swift; path = UpcomingMoviePosterCVC.swift; sourceTree = "<group>"; };
		07E1DE0E2E5730B500248A2C /* UpcomingMoviePosterCVC.xib */ = {isa = PBXFileReference; lastKnownFileType = file.xib; path = UpcomingMoviePosterCVC.xib; sourceTree = "<group>"; };
		07E1DE112E5730B500248A2C /* MovieSlideHeader.swift */ = {isa = PBXFileReference; lastKnownFileType = sourcecode.swift; path = MovieSlideHeader.swift; sourceTree = "<group>"; };
		07E1DE122E5730B500248A2C /* MovieSlideHeader.xib */ = {isa = PBXFileReference; lastKnownFileType = file.xib; path = MovieSlideHeader.xib; sourceTree = "<group>"; };
		07E1DE142E5730B500248A2C /* SessionTimeTVC.swift */ = {isa = PBXFileReference; lastKnownFileType = sourcecode.swift; path = SessionTimeTVC.swift; sourceTree = "<group>"; };
		07E1DE152E5730B500248A2C /* SessionTimeTVC.xib */ = {isa = PBXFileReference; lastKnownFileType = file.xib; path = SessionTimeTVC.xib; sourceTree = "<group>"; };
		07E1DE182E5730B500248A2C /* HomeVC.swift */ = {isa = PBXFileReference; lastKnownFileType = sourcecode.swift; path = HomeVC.swift; sourceTree = "<group>"; };
		07E1DE192E5730B500248A2C /* MovieDetailVC.swift */ = {isa = PBXFileReference; lastKnownFileType = sourcecode.swift; path = MovieDetailVC.swift; sourceTree = "<group>"; };
		07E1DE1A2E5730B500248A2C /* MoviesVC.swift */ = {isa = PBXFileReference; lastKnownFileType = sourcecode.swift; path = MoviesVC.swift; sourceTree = "<group>"; };
		07E1DE1B2E5730B500248A2C /* OnboardingVC.swift */ = {isa = PBXFileReference; lastKnownFileType = sourcecode.swift; path = OnboardingVC.swift; sourceTree = "<group>"; };
		07E1DE1C2E5730B500248A2C /* ReservationVC.swift */ = {isa = PBXFileReference; lastKnownFileType = sourcecode.swift; path = ReservationVC.swift; sourceTree = "<group>"; };
		07E1DE1D2E5730B500248A2C /* SeatsVC.swift */ = {isa = PBXFileReference; lastKnownFileType = sourcecode.swift; path = SeatsVC.swift; sourceTree = "<group>"; };
		07E1DE1E2E5730B500248A2C /* TicketVC.swift */ = {isa = PBXFileReference; lastKnownFileType = sourcecode.swift; path = TicketVC.swift; sourceTree = "<group>"; };
		07E1DE202E5730B500248A2C /* AppDelegate.swift */ = {isa = PBXFileReference; lastKnownFileType = sourcecode.swift; path = AppDelegate.swift; sourceTree = "<group>"; };
		07E1DE212E5730B500248A2C /* Assets.xcassets */ = {isa = PBXFileReference; lastKnownFileType = folder.assetcatalog; path = Assets.xcassets; sourceTree = "<group>"; };
		07E1DE222E5730B500248A2C /* Info.plist */ = {isa = PBXFileReference; lastKnownFileType = text.plist.xml; path = Info.plist; sourceTree = "<group>"; };
		07E1DE232E5730B500248A2C /* Base */ = {isa = PBXFileReference; lastKnownFileType = file.storyboard; name = Base; path = Base.lproj/LaunchScreen.storyboard; sourceTree = "<group>"; };
		07E1DE252E5730B500248A2C /* Base */ = {isa = PBXFileReference; lastKnownFileType = file.storyboard; name = Base; path = Base.lproj/Main.storyboard; sourceTree = "<group>"; };
		07E1DE272E5730B500248A2C /* SceneDelegate.swift */ = {isa = PBXFileReference; lastKnownFileType = sourcecode.swift; path = SceneDelegate.swift; sourceTree = "<group>"; };
		CE57E40C2AA225DF006A822F /* MovieTicketBooking.app */ = {isa = PBXFileReference; explicitFileType = wrapper.application; includeInIndex = 0; path = MovieTicketBooking.app; sourceTree = BUILT_PRODUCTS_DIR; };
		CEF3C0092AB8CF68002DE30D /* README.md */ = {isa = PBXFileReference; lastKnownFileType = net.daringfireball.markdown; path = README.md; sourceTree = "<group>"; };
/* End PBXFileReference section */

/* Begin PBXFrameworksBuildPhase section */
		CE57E4092AA225DF006A822F /* Frameworks */ = {
			isa = PBXFrameworksBuildPhase;
			buildActionMask = 2147483647;
			files = (
			);
			runOnlyForDeploymentPostprocessing = 0;
		};
/* End PBXFrameworksBuildPhase section */

/* Begin PBXGroup section */
		07E1DDF22E5730B500248A2C /* Extension */ = {
			isa = PBXGroup;
			children = (
				07E1DDEA2E5730B500248A2C /* Extension+Date.swift */,
				07E1DDEB2E5730B500248A2C /* Extension+Double.swift */,
				07E1DDEC2E5730B500248A2C /* Extension+Int.swift */,
				07E1DDED2E5730B500248A2C /* Extension+Session.swift */,
				07E1DDEE2E5730B500248A2C /* Extension+String.swift */,
				07E1DDEF2E5730B500248A2C /* Extension+UICollectionView.swift */,
				07E1DDF02E5730B500248A2C /* Extension+UIView.swift */,
				07E1DDF12E5730B500248A2C /* Extension+UIViewController.swift */,
			);
			path = Extension;
			sourceTree = "<group>";
		};
		07E1DDF82E5730B500248A2C /* Model */ = {
			isa = PBXGroup;
			children = (
				07E1DDF32E5730B500248A2C /* Movie.swift */,
				07E1DDF42E5730B500248A2C /* OnboardingSlide.swift */,
				07E1DDF52E5730B500248A2C /* Seat.swift */,
				07E1DDF62E5730B500248A2C /* Session.swift */,
				07E1DDF72E5730B500248A2C /* Ticket.swift */,
			);
			path = Model;
			sourceTree = "<group>";
		};
		07E1DDFC2E5730B500248A2C /* Movie */ = {
			isa = PBXGroup;
			children = (
				07E1DDF92E5730B500248A2C /* MovieCVC.swift */,
				07E1DDFA2E5730B500248A2C /* MovieCVC.xib */,
				07E1DDFB2E5730B500248A2C /* MoviesFlowLayout.swift */,
			);
			path = Movie;
			sourceTree = "<group>";
		};
		07E1DE002E5730B500248A2C /* MoviePoster */ = {
			isa = PBXGroup;
			children = (
				07E1DDFD2E5730B500248A2C /* MoviePosterCVC.swift */,
				07E1DDFE2E5730B500248A2C /* MoviePosterCVC.xib */,
				07E1DDFF2E5730B500248A2C /* MoviePostersLayout.swift */,
			);
			path = MoviePoster;
			sourceTree = "<group>";
		};
		07E1DE042E5730B500248A2C /* Onboarding */ = {
			isa = PBXGroup;
			children = (
				07E1DE012E5730B500248A2C /* OnboardingCVC.swift */,
				07E1DE022E5730B500248A2C /* OnboardingCVC.xib */,
				07E1DE032E5730B500248A2C /* OnboardingFlowLayout.swift */,
			);
			path = Onboarding;
			sourceTree = "<group>";
		};
		07E1DE082E5730B500248A2C /* Seat */ = {
			isa = PBXGroup;
			children = (
				07E1DE052E5730B500248A2C /* SeatCVC.swift */,
				07E1DE062E5730B500248A2C /* SeatCVC.xib */,
				07E1DE072E5730B500248A2C /* SeatsFlowLayout.swift */,
			);
			path = Seat;
			sourceTree = "<group>";
		};
		07E1DE0C2E5730B500248A2C /* SessionDay */ = {
			isa = PBXGroup;
			children = (
				07E1DE092E5730B500248A2C /* SessionDayCVC.swift */,
				07E1DE0A2E5730B500248A2C /* SessionDayCVC.xib */,
				07E1DE0B2E5730B500248A2C /* SessionDaysFlowLayout.swift */,
			);
			path = SessionDay;
			sourceTree = "<group>";
		};
		07E1DE0F2E5730B500248A2C /* UpcomingMoviePoster */ = {
			isa = PBXGroup;
			children = (
				07E1DE0D2E5730B500248A2C /* UpcomingMoviePosterCVC.swift */,
				07E1DE0E2E5730B500248A2C /* UpcomingMoviePosterCVC.xib */,
			);
			path = UpcomingMoviePoster;
			sourceTree = "<group>";
		};
		07E1DE102E5730B500248A2C /* CollectionViewCell */ = {
			isa = PBXGroup;
			children = (
				07E1DDFC2E5730B500248A2C /* Movie */,
				07E1DE002E5730B500248A2C /* MoviePoster */,
				07E1DE042E5730B500248A2C /* Onboarding */,
				07E1DE082E5730B500248A2C /* Seat */,
				07E1DE0C2E5730B500248A2C /* SessionDay */,
				07E1DE0F2E5730B500248A2C /* UpcomingMoviePoster */,
			);
			path = CollectionViewCell;
			sourceTree = "<group>";
		};
		07E1DE132E5730B500248A2C /* ReusableView */ = {
			isa = PBXGroup;
			children = (
				07E1DE112E5730B500248A2C /* MovieSlideHeader.swift */,
				07E1DE122E5730B500248A2C /* MovieSlideHeader.xib */,
			);
			path = ReusableView;
			sourceTree = "<group>";
		};
		07E1DE162E5730B500248A2C /* TableViewCell */ = {
			isa = PBXGroup;
			children = (
				07E1DE142E5730B500248A2C /* SessionTimeTVC.swift */,
				07E1DE152E5730B500248A2C /* SessionTimeTVC.xib */,
			);
			path = TableViewCell;
			sourceTree = "<group>";
		};
		07E1DE172E5730B500248A2C /* Nib */ = {
			isa = PBXGroup;
			children = (
				07E1DE102E5730B500248A2C /* CollectionViewCell */,
				07E1DE132E5730B500248A2C /* ReusableView */,
				07E1DE162E5730B500248A2C /* TableViewCell */,
			);
			path = Nib;
			sourceTree = "<group>";
		};
		07E1DE1F2E5730B500248A2C /* View */ = {
			isa = PBXGroup;
			children = (
				07E1DE182E5730B500248A2C /* HomeVC.swift */,
				07E1DE192E5730B500248A2C /* MovieDetailVC.swift */,
				07E1DE1A2E5730B500248A2C /* MoviesVC.swift */,
				07E1DE1B2E5730B500248A2C /* OnboardingVC.swift */,
				07E1DE1C2E5730B500248A2C /* ReservationVC.swift */,
				07E1DE1D2E5730B500248A2C /* SeatsVC.swift */,
				07E1DE1E2E5730B500248A2C /* TicketVC.swift */,
			);
			path = View;
			sourceTree = "<group>";
		};
		07E1DE282E5730B500248A2C /* MovieTicketBooking */ = {
			isa = PBXGroup;
			children = (
				07E1DDF22E5730B500248A2C /* Extension */,
				07E1DDF82E5730B500248A2C /* Model */,
				07E1DE172E5730B500248A2C /* Nib */,
				07E1DE1F2E5730B500248A2C /* View */,
				07E1DE202E5730B500248A2C /* AppDelegate.swift */,
				07E1DE212E5730B500248A2C /* Assets.xcassets */,
				07E1DE222E5730B500248A2C /* Info.plist */,
				07E1DE242E5730B500248A2C /* LaunchScreen.storyboard */,
				07E1DE262E5730B500248A2C /* Main.storyboard */,
				07E1DE272E5730B500248A2C /* SceneDelegate.swift */,
			);
			path = MovieTicketBooking;
			sourceTree = "<group>";
		};
		CE57E4032AA225DF006A822F = {
			isa = PBXGroup;
			children = (
				CEF3C0092AB8CF68002DE30D /* README.md */,
				07E1DE282E5730B500248A2C /* MovieTicketBooking */,
				CE57E40D2AA225DF006A822F /* Products */,
			);
			sourceTree = "<group>";
		};
		CE57E40D2AA225DF006A822F /* Products */ = {
			isa = PBXGroup;
			children = (
				CE57E40C2AA225DF006A822F /* MovieTicketBooking.app */,
			);
			name = Products;
			sourceTree = "<group>";
		};
/* End PBXGroup section */

/* Begin PBXNativeTarget section */
		CE57E40B2AA225DF006A822F /* MovieTicketBooking */ = {
			isa = PBXNativeTarget;
			buildConfigurationList = CE57E4202AA225E1006A822F /* Build configuration list for PBXNativeTarget "MovieTicketBooking" */;
			buildPhases = (
				CE57E4082AA225DF006A822F /* Sources */,
				CE57E4092AA225DF006A822F /* Frameworks */,
				CE57E40A2AA225DF006A822F /* Resources */,
			);
			buildRules = (
			);
			dependencies = (
			);
			name = MovieTicketBooking;
			productName = MovieTicketBooking;
			productReference = CE57E40C2AA225DF006A822F /* MovieTicketBooking.app */;
			productType = "com.apple.product-type.application";
		};
/* End PBXNativeTarget section */

/* Begin PBXProject section */
		CE57E4042AA225DF006A822F /* Project object */ = {
			isa = PBXProject;
			attributes = {
				BuildIndependentTargetsInParallel = 1;
				LastSwiftUpdateCheck = 1430;
				LastUpgradeCheck = 1430;
				TargetAttributes = {
					CE57E40B2AA225DF006A822F = {
						CreatedOnToolsVersion = 14.3.1;
					};
				};
			};
			buildConfigurationList = CE57E4072AA225DF006A822F /* Build configuration list for PBXProject "MovieTicketBooking" */;
			compatibilityVersion = "Xcode 14.0";
			developmentRegion = en;
			hasScannedForEncodings = 0;
			knownRegions = (
				en,
				Base,
			);
			mainGroup = CE57E4032AA225DF006A822F;
			productRefGroup = CE57E40D2AA225DF006A822F /* Products */;
			projectDirPath = "";
			projectRoot = "";
			targets = (
				CE57E40B2AA225DF006A822F /* MovieTicketBooking */,
			);
		};
/* End PBXProject section */

/* Begin PBXResourcesBuildPhase section */
		CE57E40A2AA225DF006A822F /* Resources */ = {
			isa = PBXResourcesBuildPhase;
			buildActionMask = 2147483647;
			files = (
				07E1DE4C2E5730B500248A2C /* MovieCVC.xib in Resources */,
				07E1DE4D2E5730B500248A2C /* MoviePosterCVC.xib in Resources */,
				07E1DE4E2E5730B500248A2C /* OnboardingCVC.xib in Resources */,
				07E1DE4F2E5730B500248A2C /* SeatCVC.xib in Resources */,
				07E1DE502E5730B500248A2C /* SessionDayCVC.xib in Resources */,
				07E1DE512E5730B500248A2C /* UpcomingMoviePosterCVC.xib in Resources */,
				07E1DE522E5730B500248A2C /* MovieSlideHeader.xib in Resources */,
				07E1DE532E5730B500248A2C /* SessionTimeTVC.xib in Resources */,
				07E1DE542E5730B500248A2C /* Assets.xcassets in Resources */,
				07E1DE562E5730B500248A2C /* LaunchScreen.storyboard in Resources */,
				07E1DE572E5730B500248A2C /* Main.storyboard in Resources */,
			);
			runOnlyForDeploymentPostprocessing = 0;
		};
/* End PBXResourcesBuildPhase section */

/* Begin PBXSourcesBuildPhase section */
		CE57E4082AA225DF006A822F /* Sources */ = {
			isa = PBXSourcesBuildPhase;
			buildActionMask = 2147483647;
			files = (
				07E1DE292E5730B500248A2C /* Extension+Date.swift in Sources */,
				07E1DE2A2E5730B500248A2C /* Extension+Double.swift in Sources */,
				07E1DE2B2E5730B500248A2C /* Extension+Int.swift in Sources */,
				07E1DE2C2E5730B500248A2C /* Extension+Session.swift in Sources */,
				07E1DE2D2E5730B500248A2C /* Extension+String.swift in Sources */,
				07E1DE2E2E5730B500248A2C /* Extension+UICollectionView.swift in Sources */,
				07E1DE2F2E5730B500248A2C /* Extension+UIView.swift in Sources */,
				07E1DE302E5730B500248A2C /* Extension+UIViewController.swift in Sources */,
				07E1DE312E5730B500248A2C /* Movie.swift in Sources */,
				07E1DE322E5730B500248A2C /* OnboardingSlide.swift in Sources */,
				07E1DE332E5730B500248A2C /* Seat.swift in Sources */,
				07E1DE342E5730B500248A2C /* Session.swift in Sources */,
				07E1DE352E5730B500248A2C /* Ticket.swift in Sources */,
				07E1DE362E5730B500248A2C /* MovieCVC.swift in Sources */,
				07E1DE372E5730B500248A2C /* MoviesFlowLayout.swift in Sources */,
				07E1DE382E5730B500248A2C /* MoviePosterCVC.swift in Sources */,
				07E1DE392E5730B500248A2C /* MoviePostersLayout.swift in Sources */,
				07E1DE3A2E5730B500248A2C /* OnboardingCVC.swift in Sources */,
				07E1DE3B2E5730B500248A2C /* OnboardingFlowLayout.swift in Sources */,
				07E1DE3C2E5730B500248A2C /* SeatCVC.swift in Sources */,
				07E1DE3D2E5730B500248A2C /* SeatsFlowLayout.swift in Sources */,
				07E1DE3E2E5730B500248A2C /* SessionDayCVC.swift in Sources */,
				07E1DE3F2E5730B500248A2C /* SessionDaysFlowLayout.swift in Sources */,
				07E1DE402E5730B500248A2C /* UpcomingMoviePosterCVC.swift in Sources */,
				07E1DE412E5730B500248A2C /* MovieSlideHeader.swift in Sources */,
				07E1DE422E5730B500248A2C /* SessionTimeTVC.swift in Sources */,
				07E1DE432E5730B500248A2C /* HomeVC.swift in Sources */,
				07E1DE442E5730B500248A2C /* MovieDetailVC.swift in Sources */,
				07E1DE452E5730B500248A2C /* MoviesVC.swift in Sources */,
				07E1DE462E5730B500248A2C /* OnboardingVC.swift in Sources */,
				07E1DE472E5730B500248A2C /* ReservationVC.swift in Sources */,
				07E1DE482E5730B500248A2C /* SeatsVC.swift in Sources */,
				07E1DE492E5730B500248A2C /* TicketVC.swift in Sources */,
				07E1DE4A2E5730B500248A2C /* AppDelegate.swift in Sources */,
				07E1DE4B2E5730B500248A2C /* SceneDelegate.swift in Sources */,
			);
			runOnlyForDeploymentPostprocessing = 0;
		};
/* End PBXSourcesBuildPhase section */

/* Begin PBXVariantGroup section */
		07E1DE242E5730B500248A2C /* LaunchScreen.storyboard */ = {
			isa = PBXVariantGroup;
			children = (
				07E1DE232E5730B500248A2C /* Base */,
			);
			name = LaunchScreen.storyboard;
			sourceTree = "<group>";
		};
		07E1DE262E5730B500248A2C /* Main.storyboard */ = {
			isa = PBXVariantGroup;
			children = (
				07E1DE252E5730B500248A2C /* Base */,
			);
			name = Main.storyboard;
			sourceTree = "<group>";
		};
/* End PBXVariantGroup section */

/* Begin XCBuildConfiguration section */
		CE57E41E2AA225E1006A822F /* Debug */ = {
			isa = XCBuildConfiguration;
			buildSettings = {
				ALWAYS_SEARCH_USER_PATHS = NO;
				CLANG_ANALYZER_NONNULL = YES;
				CLANG_ANALYZER_NUMBER_OBJECT_CONVERSION = YES_AGGRESSIVE;
				CLANG_CXX_LANGUAGE_STANDARD = "gnu++20";
				CLANG_ENABLE_MODULES = YES;
				CLANG_ENABLE_OBJC_ARC = YES;
				CLANG_ENABLE_OBJC_WEAK = YES;
				CLANG_WARN_BLOCK_CAPTURE_AUTORELEASING = YES;
				CLANG_WARN_BOOL_CONVERSION = YES;
				CLANG_WARN_COMMA = YES;
				CLANG_WARN_CONSTANT_CONVERSION = YES;
				CLANG_WARN_DEPRECATED_OBJC_IMPLEMENTATIONS = YES;
				CLANG_WARN_DIRECT_OBJC_ISA_USAGE = YES_ERROR;
				CLANG_WARN_DOCUMENTATION_COMMENTS = YES;
				CLANG_WARN_EMPTY_BODY = YES;
				CLANG_WARN_ENUM_CONVERSION = YES;
				CLANG_WARN_INFINITE_RECURSION = YES;
				CLANG_WARN_INT_CONVERSION = YES;
				CLANG_WARN_NON_LITERAL_NULL_CONVERSION = YES;
				CLANG_WARN_OBJC_IMPLICIT_RETAIN_SELF = YES;
				CLANG_WARN_OBJC_LITERAL_CONVERSION = YES;
				CLANG_WARN_OBJC_ROOT_CLASS = YES_ERROR;
				CLANG_WARN_QUOTED_INCLUDE_IN_FRAMEWORK_HEADER = YES;
				CLANG_WARN_RANGE_LOOP_ANALYSIS = YES;
				CLANG_WARN_STRICT_PROTOTYPES = YES;
				CLANG_WARN_SUSPICIOUS_MOVE = YES;
				CLANG_WARN_UNGUARDED_AVAILABILITY = YES_AGGRESSIVE;
				CLANG_WARN_UNREACHABLE_CODE = YES;
				CLANG_WARN__DUPLICATE_METHOD_MATCH = YES;
				COPY_PHASE_STRIP = NO;
				DEBUG_INFORMATION_FORMAT = dwarf;
				ENABLE_STRICT_OBJC_MSGSEND = YES;
				ENABLE_TESTABILITY = YES;
				GCC_C_LANGUAGE_STANDARD = gnu11;
				GCC_DYNAMIC_NO_PIC = NO;
				GCC_NO_COMMON_BLOCKS = YES;
				GCC_OPTIMIZATION_LEVEL = 0;
				GCC_PREPROCESSOR_DEFINITIONS = (
					"DEBUG=1",
					"$(inherited)",
				);
				GCC_WARN_64_TO_32_BIT_CONVERSION = YES;
				GCC_WARN_ABOUT_RETURN_TYPE = YES_ERROR;
				GCC_WARN_UNDECLARED_SELECTOR = YES;
				GCC_WARN_UNINITIALIZED_AUTOS = YES_AGGRESSIVE;
				GCC_WARN_UNUSED_FUNCTION = YES;
				GCC_WARN_UNUSED_VARIABLE = YES;
				IPHONEOS_DEPLOYMENT_TARGET = 16.4;
				MTL_ENABLE_DEBUG_INFO = INCLUDE_SOURCE;
				MTL_FAST_MATH = YES;
				ONLY_ACTIVE_ARCH = NO;
				SDKROOT = iphoneos;
				SWIFT_ACTIVE_COMPILATION_CONDITIONS = DEBUG;
				SWIFT_OPTIMIZATION_LEVEL = "-Onone";
			};
			name = Debug;
		};
		CE57E41F2AA225E1006A822F /* Release */ = {
			isa = XCBuildConfiguration;
			buildSettings = {
				ALWAYS_SEARCH_USER_PATHS = NO;
				CLANG_ANALYZER_NONNULL = YES;
				CLANG_ANALYZER_NUMBER_OBJECT_CONVERSION = YES_AGGRESSIVE;
				CLANG_CXX_LANGUAGE_STANDARD = "gnu++20";
				CLANG_ENABLE_MODULES = YES;
				CLANG_ENABLE_OBJC_ARC = YES;
				CLANG_ENABLE_OBJC_WEAK = YES;
				CLANG_WARN_BLOCK_CAPTURE_AUTORELEASING = YES;
				CLANG_WARN_BOOL_CONVERSION = YES;
				CLANG_WARN_COMMA = YES;
				CLANG_WARN_CONSTANT_CONVERSION = YES;
				CLANG_WARN_DEPRECATED_OBJC_IMPLEMENTATIONS = YES;
				CLANG_WARN_DIRECT_OBJC_ISA_USAGE = YES_ERROR;
				CLANG_WARN_DOCUMENTATION_COMMENTS = YES;
				CLANG_WARN_EMPTY_BODY = YES;
				CLANG_WARN_ENUM_CONVERSION = YES;
				CLANG_WARN_INFINITE_RECURSION = YES;
				CLANG_WARN_INT_CONVERSION = YES;
				CLANG_WARN_NON_LITERAL_NULL_CONVERSION = YES;
				CLANG_WARN_OBJC_IMPLICIT_RETAIN_SELF = YES;
				CLANG_WARN_OBJC_LITERAL_CONVERSION = YES;
				CLANG_WARN_OBJC_ROOT_CLASS = YES_ERROR;
				CLANG_WARN_QUOTED_INCLUDE_IN_FRAMEWORK_HEADER = YES;
				CLANG_WARN_RANGE_LOOP_ANALYSIS = YES;
				CLANG_WARN_STRICT_PROTOTYPES = YES;
				CLANG_WARN_SUSPICIOUS_MOVE = YES;
				CLANG_WARN_UNGUARDED_AVAILABILITY = YES_AGGRESSIVE;
				CLANG_WARN_UNREACHABLE_CODE = YES;
				CLANG_WARN__DUPLICATE_METHOD_MATCH = YES;
				COPY_PHASE_STRIP = NO;
				DEBUG_INFORMATION_FORMAT = "dwarf-with-dsym";
				ENABLE_NS_ASSERTIONS = NO;
				ENABLE_STRICT_OBJC_MSGSEND = YES;
				GCC_C_LANGUAGE_STANDARD = gnu11;
				GCC_NO_COMMON_BLOCKS = YES;
				GCC_WARN_64_TO_32_BIT_CONVERSION = YES;
				GCC_WARN_ABOUT_RETURN_TYPE = YES_ERROR;
				GCC_WARN_UNDECLARED_SELECTOR = YES;
				GCC_WARN_UNINITIALIZED_AUTOS = YES_AGGRESSIVE;
				GCC_WARN_UNUSED_FUNCTION = YES;
				GCC_WARN_UNUSED_VARIABLE = YES;
				IPHONEOS_DEPLOYMENT_TARGET = 16.4;
				MTL_ENABLE_DEBUG_INFO = NO;
				MTL_FAST_MATH = YES;
				SDKROOT = iphoneos;
				SWIFT_COMPILATION_MODE = wholemodule;
				SWIFT_OPTIMIZATION_LEVEL = "-O";
				VALIDATE_PRODUCT = YES;
			};
			name = Release;
		};
		CE57E4212AA225E1006A822F /* Debug */ = {
			isa = XCBuildConfiguration;
			buildSettings = {
				ASSETCATALOG_COMPILER_APPICON_NAME = AppIcon;
				ASSETCATALOG_COMPILER_GLOBAL_ACCENT_COLOR_NAME = AccentColor;
				CODE_SIGN_STYLE = Automatic;
				CURRENT_PROJECT_VERSION = 1;
				GENERATE_INFOPLIST_FILE = YES;
				INFOPLIST_FILE = MovieTicketBooking/Info.plist;
				INFOPLIST_KEY_UIApplicationSupportsIndirectInputEvents = YES;
				INFOPLIST_KEY_UILaunchStoryboardName = LaunchScreen;
				INFOPLIST_KEY_UIMainStoryboardFile = Main;
				INFOPLIST_KEY_UISupportedInterfaceOrientations_iPad = "UIInterfaceOrientationPortrait UIInterfaceOrientationPortraitUpsideDown UIInterfaceOrientationLandscapeLeft UIInterfaceOrientationLandscapeRight";
				INFOPLIST_KEY_UISupportedInterfaceOrientations_iPhone = "UIInterfaceOrientationPortrait UIInterfaceOrientationLandscapeLeft UIInterfaceOrientationLandscapeRight";
				LD_RUNPATH_SEARCH_PATHS = (
					"$(inherited)",
					"@executable_path/Frameworks",
				);
				MARKETING_VERSION = 1.0;
				PRODUCT_BUNDLE_IDENTIFIER = recepsenoglu.MovieTicketBooking;
				PRODUCT_NAME = "$(TARGET_NAME)";
				SWIFT_EMIT_LOC_STRINGS = YES;
				SWIFT_VERSION = 5.0;
				TARGETED_DEVICE_FAMILY = "1,2";
			};
			name = Debug;
		};
		CE57E4222AA225E1006A822F /* Release */ = {
			isa = XCBuildConfiguration;
			buildSettings = {
				ASSETCATALOG_COMPILER_APPICON_NAME = AppIcon;
				ASSETCATALOG_COMPILER_GLOBAL_ACCENT_COLOR_NAME = AccentColor;
				CODE_SIGN_STYLE = Automatic;
				CURRENT_PROJECT_VERSION = 1;
				GENERATE_INFOPLIST_FILE = YES;
				INFOPLIST_FILE = MovieTicketBooking/Info.plist;
				INFOPLIST_KEY_UIApplicationSupportsIndirectInputEvents = YES;
				INFOPLIST_KEY_UILaunchStoryboardName = LaunchScreen;
				INFOPLIST_KEY_UIMainStoryboardFile = Main;
				INFOPLIST_KEY_UISupportedInterfaceOrientations_iPad = "UIInterfaceOrientationPortrait UIInterfaceOrientationPortraitUpsideDown UIInterfaceOrientationLandscapeLeft UIInterfaceOrientationLandscapeRight";
				INFOPLIST_KEY_UISupportedInterfaceOrientations_iPhone = "UIInterfaceOrientationPortrait UIInterfaceOrientationLandscapeLeft UIInterfaceOrientationLandscapeRight";
				LD_RUNPATH_SEARCH_PATHS = (
					"$(inherited)",
					"@executable_path/Frameworks",
				);
				MARKETING_VERSION = 1.0;
				PRODUCT_BUNDLE_IDENTIFIER = recepsenoglu.MovieTicketBooking;
				PRODUCT_NAME = "$(TARGET_NAME)";
				SWIFT_EMIT_LOC_STRINGS = YES;
				SWIFT_VERSION = 5.0;
				TARGETED_DEVICE_FAMILY = "1,2";
			};
			name = Release;
		};
/* End XCBuildConfiguration section */

/* Begin XCConfigurationList section */
		CE57E4072AA225DF006A822F /* Build configuration list for PBXProject "MovieTicketBooking" */ = {
			isa = XCConfigurationList;
			buildConfigurations = (
				CE57E41E2AA225E1006A822F /* Debug */,
				CE57E41F2AA225E1006A822F /* Release */,
			);
			defaultConfigurationIsVisible = 0;
			defaultConfigurationName = Release;
		};
		CE57E4202AA225E1006A822F /* Build configuration list for PBXNativeTarget "MovieTicketBooking" */ = {
			isa = XCConfigurationList;
			buildConfigurations = (
				CE57E4212AA225E1006A822F /* Debug */,
				CE57E4222AA225E1006A822F /* Release */,
			);
			defaultConfigurationIsVisible = 0;
			defaultConfigurationName = Release;
		};
/* End XCConfigurationList section */
	};
	rootObject = CE57E4042AA225DF006A822F /* Project object */;
}
